
Microsoft Visual Studio Solution File, Format Version 12.00
# Visual Studio Version 17
VisualStudioVersion = 17.12.35527.113 d17.12
MinimumVisualStudioVersion = 10.0.40219.1
Project("{FAE04EC0-301F-11D3-BF4B-00C04F79EFBC}") = "GMG.TimeReporting.Library", "GMG.TimeReporting.Library\GMG.TimeReporting.Library.csproj", "{698C41B1-B806-4757-8F4C-BD420E5BA3B1}"
EndProject
Project("{FAE04EC0-301F-11D3-BF4B-00C04F79EFBC}") = "GMG.TimeReporting.WinUI", "GMG.TimeReporting.WinUI\GMG.TimeReporting.WinUI.csproj", "{37B94E08-A80B-4A99-BEFD-2B97CA49339A}"
EndProject
Project("{00D1A9C2-B5F0-4AF3-8072-F6C62B433612}") = "GMG.TimeReporting.Database", "GMG.TimeReporting.Database\GMG.TimeReporting.Database.sqlproj", "{3C1AF049-E807-433A-B9D1-3E188CABD5FF}"
EndProject
Project("{9A19103F-16F7-4668-BE54-9A1E7A4F7556}") = "GMG.TimeReporting.Core", "GMG.TimeReporting.Core\GMG.TimeReporting.Core.csproj", "{547DDBD0-0E69-4288-B0AD-D55F4276C433}"
EndProject
Project("{9A19103F-16F7-4668-BE54-9A1E7A4F7556}") = "GMG.TimeReporting.UnitTests", "GMG.TimeReporting.UnitTests\GMG.TimeReporting.UnitTests.csproj", "{6A06AB8D-66C9-4F27-A6EB-66CD05A03F4A}"
EndProject
Project("{FAE04EC0-301F-11D3-BF4B-00C04F79EFBC}") = "GMG.TimeReporting.WebApi", "GMG.TimeReporting.WebApi\GMG.TimeReporting.WebApi.csproj", "{5E2CF396-E9CD-414E-B478-3A5AFC72491B}"
EndProject
Project("{2150E333-8FDC-42A3-9474-1A3956D46DE8}") = "Solution Items", "Solution Items", "{DB9CB905-6BC2-4573-983C-61E1BB6399FD}"
	ProjectSection(SolutionItems) = preProject
		README.md = README.md
	EndProjectSection
EndProject
Global
	GlobalSection(SolutionConfigurationPlatforms) = preSolution
		Debug|Any CPU = Debug|Any CPU
		Release|Any CPU = Release|Any CPU
	EndGlobalSection
	GlobalSection(ProjectConfigurationPlatforms) = postSolution
		{698C41B1-B806-4757-8F4C-BD420E5BA3B1}.Debug|Any CPU.ActiveCfg = Debug|Any CPU
		{698C41B1-B806-4757-8F4C-BD420E5BA3B1}.Debug|Any CPU.Build.0 = Debug|Any CPU
		{698C41B1-B806-4757-8F4C-BD420E5BA3B1}.Release|Any CPU.ActiveCfg = Release|Any CPU
		{698C41B1-B806-4757-8F4C-BD420E5BA3B1}.Release|Any CPU.Build.0 = Release|Any CPU
		{37B94E08-A80B-4A99-BEFD-2B97CA49339A}.Debug|Any CPU.ActiveCfg = Debug|Any CPU
		{37B94E08-A80B-4A99-BEFD-2B97CA49339A}.Debug|Any CPU.Build.0 = Debug|Any CPU
		{37B94E08-A80B-4A99-BEFD-2B97CA49339A}.Release|Any CPU.ActiveCfg = Release|Any CPU
		{37B94E08-A80B-4A99-BEFD-2B97CA49339A}.Release|Any CPU.Build.0 = Release|Any CPU
		{3C1AF049-E807-433A-B9D1-3E188CABD5FF}.Debug|Any CPU.ActiveCfg = Debug|Any CPU
		{3C1AF049-E807-433A-B9D1-3E188CABD5FF}.Debug|Any CPU.Build.0 = Debug|Any CPU
		{3C1AF049-E807-433A-B9D1-3E188CABD5FF}.Debug|Any CPU.Deploy.0 = Debug|Any CPU
		{3C1AF049-E807-433A-B9D1-3E188CABD5FF}.Release|Any CPU.ActiveCfg = Release|Any CPU
		{3C1AF049-E807-433A-B9D1-3E188CABD5FF}.Release|Any CPU.Build.0 = Release|Any CPU
		{3C1AF049-E807-433A-B9D1-3E188CABD5FF}.Release|Any CPU.Deploy.0 = Release|Any CPU
		{547DDBD0-0E69-4288-B0AD-D55F4276C433}.Debug|Any CPU.ActiveCfg = Debug|Any CPU
		{547DDBD0-0E69-4288-B0AD-D55F4276C433}.Debug|Any CPU.Build.0 = Debug|Any CPU
		{547DDBD0-0E69-4288-B0AD-D55F4276C433}.Release|Any CPU.ActiveCfg = Release|Any CPU
		{547DDBD0-0E69-4288-B0AD-D55F4276C433}.Release|Any CPU.Build.0 = Release|Any CPU
		{6A06AB8D-66C9-4F27-A6EB-66CD05A03F4A}.Debug|Any CPU.ActiveCfg = Debug|Any CPU
		{6A06AB8D-66C9-4F27-A6EB-66CD05A03F4A}.Debug|Any CPU.Build.0 = Debug|Any CPU
		{6A06AB8D-66C9-4F27-A6EB-66CD05A03F4A}.Release|Any CPU.ActiveCfg = Release|Any CPU
		{6A06AB8D-66C9-4F27-A6EB-66CD05A03F4A}.Release|Any CPU.Build.0 = Release|Any CPU
		{5E2CF396-E9CD-414E-B478-3A5AFC72491B}.Debug|Any CPU.ActiveCfg = Debug|Any CPU
		{5E2CF396-E9CD-414E-B478-3A5AFC72491B}.Debug|Any CPU.Build.0 = Debug|Any CPU
		{5E2CF396-E9CD-414E-B478-3A5AFC72491B}.Release|Any CPU.ActiveCfg = Release|Any CPU
		{5E2CF396-E9CD-414E-B478-3A5AFC72491B}.Release|Any CPU.Build.0 = Release|Any CPU
	EndGlobalSection
	GlobalSection(SolutionProperties) = preSolution
		HideSolutionNode = FALSE
	EndGlobalSection
	GlobalSection(ExtensibilityGlobals) = postSolution
		SolutionGuid = {C7032878-2006-4705-9852-DC2087618B75}
	EndGlobalSection
EndGlobal
